
Microsoft Visual Studio Solution File, Format Version 12.00
# Visual Studio Version 16
VisualStudioVersion = 16.0.29503.13
MinimumVisualStudioVersion = 10.0.40219.1
Project("{FAE04EC0-301F-11D3-BF4B-00C04F79EFBC}") = "prjFirstAjax", "prjFirstAjax\prjFirstAjax.csproj", "{2C02135A-646D-476A-A4BA-5C3755E4163B}"
EndProject
Global
	GlobalSection(SolutionConfigurationPlatforms) = preSolution
		Debug|Any CPU = Debug|Any CPU
		Release|Any CPU = Release|Any CPU
	EndGlobalSection
	GlobalSection(ProjectConfigurationPlatforms) = postSolution
		{2C02135A-646D-476A-A4BA-5C3755E4163B}.Debug|Any CPU.ActiveCfg = Debug|Any CPU
		{2C02135A-646D-476A-A4BA-5C3755E4163B}.Debug|Any CPU.Build.0 = Debug|Any CPU
		{2C02135A-646D-476A-A4BA-5C3755E4163B}.Release|Any CPU.ActiveCfg = Release|Any CPU
		{2C02135A-646D-476A-A4BA-5C3755E4163B}.Release|Any CPU.Build.0 = Release|Any CPU
	EndGlobalSection
	GlobalSection(SolutionProperties) = preSolution
		HideSolutionNode = FALSE
	EndGlobalSection
	GlobalSection(ExtensibilityGlobals) = postSolution
		SolutionGuid = {F26D443F-F25B-4D5F-B23E-60B12A4CA1B6}
	EndGlobalSection
EndGlobal
